// !$*UTF8*$!
{
	archiveVersion = 1;
	classes = {
	};
	objectVersion = 46;
	objects = {

/* Begin PBXBuildFile section */
		8068FBA218CCD8D700A827DC /* Foundation.framework in Frameworks */ = {isa = PBXBuildFile; fileRef = 8068FBA118CCD8D700A827DC /* Foundation.framework */; };
		8068FBA418CCD8D700A827DC /* CoreGraphics.framework in Frameworks */ = {isa = PBXBuildFile; fileRef = 8068FBA318CCD8D700A827DC /* CoreGraphics.framework */; };
		8068FBA618CCD8D700A827DC /* UIKit.framework in Frameworks */ = {isa = PBXBuildFile; fileRef = 8068FBA518CCD8D700A827DC /* UIKit.framework */; };
		8068FBAC18CCD8D700A827DC /* InfoPlist.strings in Resources */ = {isa = PBXBuildFile; fileRef = 8068FBAA18CCD8D700A827DC /* InfoPlist.strings */; };
		8068FBAE18CCD8D700A827DC /* main.m in Sources */ = {isa = PBXBuildFile; fileRef = 8068FBAD18CCD8D700A827DC /* main.m */; };
		8068FBB218CCD8D700A827DC /* QAppDelegate.m in Sources */ = {isa = PBXBuildFile; fileRef = 8068FBB118CCD8D700A827DC /* QAppDelegate.m */; };
		8068FBB518CCD8D700A827DC /* Main.storyboard in Resources */ = {isa = PBXBuildFile; fileRef = 8068FBB318CCD8D700A827DC /* Main.storyboard */; };
		8068FBB818CCD8D700A827DC /* QFirstViewController.m in Sources */ = {isa = PBXBuildFile; fileRef = 8068FBB718CCD8D700A827DC /* QFirstViewController.m */; };
		8068FBBB18CCD8D700A827DC /* QSecondViewController.m in Sources */ = {isa = PBXBuildFile; fileRef = 8068FBBA18CCD8D700A827DC /* QSecondViewController.m */; };
		8068FBBD18CCD8D800A827DC /* Images.xcassets in Resources */ = {isa = PBXBuildFile; fileRef = 8068FBBC18CCD8D800A827DC /* Images.xcassets */; };
		8068FBC418CCD8D800A827DC /* XCTest.framework in Frameworks */ = {isa = PBXBuildFile; fileRef = 8068FBC318CCD8D800A827DC /* XCTest.framework */; };
		8068FBC518CCD8D800A827DC /* Foundation.framework in Frameworks */ = {isa = PBXBuildFile; fileRef = 8068FBA118CCD8D700A827DC /* Foundation.framework */; };
		8068FBC618CCD8D800A827DC /* UIKit.framework in Frameworks */ = {isa = PBXBuildFile; fileRef = 8068FBA518CCD8D700A827DC /* UIKit.framework */; };
		8068FBCE18CCD8D800A827DC /* InfoPlist.strings in Resources */ = {isa = PBXBuildFile; fileRef = 8068FBCC18CCD8D800A827DC /* InfoPlist.strings */; };
		8068FBD018CCD8D800A827DC /* QPonTests.m in Sources */ = {isa = PBXBuildFile; fileRef = 8068FBCF18CCD8D800A827DC /* QPonTests.m */; };
/* End PBXBuildFile section */

/* Begin PBXContainerItemProxy section */
		8068FBC718CCD8D800A827DC /* PBXContainerItemProxy */ = {
			isa = PBXContainerItemProxy;
			containerPortal = 8068FB9618CCD8D700A827DC /* Project object */;
			proxyType = 1;
			remoteGlobalIDString = 8068FB9D18CCD8D700A827DC;
			remoteInfo = QPon;
		};
/* End PBXContainerItemProxy section */

/* Begin PBXFileReference section */
		8068FB9E18CCD8D700A827DC /* QPon.app */ = {isa = PBXFileReference; explicitFileType = wrapper.application; includeInIndex = 0; path = QPon.app; sourceTree = BUILT_PRODUCTS_DIR; };
		8068FBA118CCD8D700A827DC /* Foundation.framework */ = {isa = PBXFileReference; lastKnownFileType = wrapper.framework; name = Foundation.framework; path = System/Library/Frameworks/Foundation.framework; sourceTree = SDKROOT; };
		8068FBA318CCD8D700A827DC /* CoreGraphics.framework */ = {isa = PBXFileReference; lastKnownFileType = wrapper.framework; name = CoreGraphics.framework; path = System/Library/Frameworks/CoreGraphics.framework; sourceTree = SDKROOT; };
		8068FBA518CCD8D700A827DC /* UIKit.framework */ = {isa = PBXFileReference; lastKnownFileType = wrapper.framework; name = UIKit.framework; path = System/Library/Frameworks/UIKit.framework; sourceTree = SDKROOT; };
		8068FBA918CCD8D700A827DC /* QPon-Info.plist */ = {isa = PBXFileReference; lastKnownFileType = text.plist.xml; path = "QPon-Info.plist"; sourceTree = "<group>"; };
		8068FBAB18CCD8D700A827DC /* en */ = {isa = PBXFileReference; lastKnownFileType = text.plist.strings; name = en; path = en.lproj/InfoPlist.strings; sourceTree = "<group>"; };
		8068FBAD18CCD8D700A827DC /* main.m */ = {isa = PBXFileReference; lastKnownFileType = sourcecode.c.objc; path = main.m; sourceTree = "<group>"; };
		8068FBAF18CCD8D700A827DC /* QPon-Prefix.pch */ = {isa = PBXFileReference; lastKnownFileType = sourcecode.c.h; path = "QPon-Prefix.pch"; sourceTree = "<group>"; };
		8068FBB018CCD8D700A827DC /* QAppDelegate.h */ = {isa = PBXFileReference; lastKnownFileType = sourcecode.c.h; path = QAppDelegate.h; sourceTree = "<group>"; };
		8068FBB118CCD8D700A827DC /* QAppDelegate.m */ = {isa = PBXFileReference; lastKnownFileType = sourcecode.c.objc; path = QAppDelegate.m; sourceTree = "<group>"; };
		8068FBB418CCD8D700A827DC /* Base */ = {isa = PBXFileReference; lastKnownFileType = file.storyboard; name = Base; path = Base.lproj/Main.storyboard; sourceTree = "<group>"; };
		8068FBB618CCD8D700A827DC /* QFirstViewController.h */ = {isa = PBXFileReference; lastKnownFileType = sourcecode.c.h; path = QFirstViewController.h; sourceTree = "<group>"; };
		8068FBB718CCD8D700A827DC /* QFirstViewController.m */ = {isa = PBXFileReference; lastKnownFileType = sourcecode.c.objc; path = QFirstViewController.m; sourceTree = "<group>"; };
		8068FBB918CCD8D700A827DC /* QSecondViewController.h */ = {isa = PBXFileReference; lastKnownFileType = sourcecode.c.h; path = QSecondViewController.h; sourceTree = "<group>"; };
		8068FBBA18CCD8D700A827DC /* QSecondViewController.m */ = {isa = PBXFileReference; lastKnownFileType = sourcecode.c.objc; path = QSecondViewController.m; sourceTree = "<group>"; };
		8068FBBC18CCD8D800A827DC /* Images.xcassets */ = {isa = PBXFileReference; lastKnownFileType = folder.assetcatalog; path = Images.xcassets; sourceTree = "<group>"; };
		8068FBC218CCD8D800A827DC /* QPonTests.xctest */ = {isa = PBXFileReference; explicitFileType = wrapper.cfbundle; includeInIndex = 0; path = QPonTests.xctest; sourceTree = BUILT_PRODUCTS_DIR; };
		8068FBC318CCD8D800A827DC /* XCTest.framework */ = {isa = PBXFileReference; lastKnownFileType = wrapper.framework; name = XCTest.framework; path = Library/Frameworks/XCTest.framework; sourceTree = DEVELOPER_DIR; };
		8068FBCB18CCD8D800A827DC /* QPonTests-Info.plist */ = {isa = PBXFileReference; lastKnownFileType = text.plist.xml; path = "QPonTests-Info.plist"; sourceTree = "<group>"; };
		8068FBCD18CCD8D800A827DC /* en */ = {isa = PBXFileReference; lastKnownFileType = text.plist.strings; name = en; path = en.lproj/InfoPlist.strings; sourceTree = "<group>"; };
		8068FBCF18CCD8D800A827DC /* QPonTests.m */ = {isa = PBXFileReference; lastKnownFileType = sourcecode.c.objc; path = QPonTests.m; sourceTree = "<group>"; };
/* End PBXFileReference section */

/* Begin PBXFrameworksBuildPhase section */
		8068FB9B18CCD8D700A827DC /* Frameworks */ = {
			isa = PBXFrameworksBuildPhase;
			buildActionMask = 2147483647;
			files = (
				8068FBA418CCD8D700A827DC /* CoreGraphics.framework in Frameworks */,
				8068FBA618CCD8D700A827DC /* UIKit.framework in Frameworks */,
				8068FBA218CCD8D700A827DC /* Foundation.framework in Frameworks */,
			);
			runOnlyForDeploymentPostprocessing = 0;
		};
		8068FBBF18CCD8D800A827DC /* Frameworks */ = {
			isa = PBXFrameworksBuildPhase;
			buildActionMask = 2147483647;
			files = (
				8068FBC418CCD8D800A827DC /* XCTest.framework in Frameworks */,
				8068FBC618CCD8D800A827DC /* UIKit.framework in Frameworks */,
				8068FBC518CCD8D800A827DC /* Foundation.framework in Frameworks */,
			);
			runOnlyForDeploymentPostprocessing = 0;
		};
/* End PBXFrameworksBuildPhase section */

/* Begin PBXGroup section */
		8068FB9518CCD8D700A827DC = {
			isa = PBXGroup;
			children = (
				8068FBA718CCD8D700A827DC /* QPon */,
				8068FBC918CCD8D800A827DC /* QPonTests */,
				8068FBA018CCD8D700A827DC /* Frameworks */,
				8068FB9F18CCD8D700A827DC /* Products */,
			);
			sourceTree = "<group>";
		};
		8068FB9F18CCD8D700A827DC /* Products */ = {
			isa = PBXGroup;
			children = (
				8068FB9E18CCD8D700A827DC /* QPon.app */,
				8068FBC218CCD8D800A827DC /* QPonTests.xctest */,
			);
			name = Products;
			sourceTree = "<group>";
		};
		8068FBA018CCD8D700A827DC /* Frameworks */ = {
			isa = PBXGroup;
			children = (
				8068FBA118CCD8D700A827DC /* Foundation.framework */,
				8068FBA318CCD8D700A827DC /* CoreGraphics.framework */,
				8068FBA518CCD8D700A827DC /* UIKit.framework */,
				8068FBC318CCD8D800A827DC /* XCTest.framework */,
			);
			name = Frameworks;
			sourceTree = "<group>";
		};
		8068FBA718CCD8D700A827DC /* QPon */ = {
			isa = PBXGroup;
			children = (
				8068FBB018CCD8D700A827DC /* QAppDelegate.h */,
				8068FBB118CCD8D700A827DC /* QAppDelegate.m */,
				8068FBB318CCD8D700A827DC /* Main.storyboard */,
				8068FBB618CCD8D700A827DC /* QFirstViewController.h */,
				8068FBB718CCD8D700A827DC /* QFirstViewController.m */,
				8068FBB918CCD8D700A827DC /* QSecondViewController.h */,
				8068FBBA18CCD8D700A827DC /* QSecondViewController.m */,
				8068FBBC18CCD8D800A827DC /* Images.xcassets */,
				8068FBA818CCD8D700A827DC /* Supporting Files */,
			);
			path = QPon;
			sourceTree = "<group>";
		};
		8068FBA818CCD8D700A827DC /* Supporting Files */ = {
			isa = PBXGroup;
			children = (
				8068FBA918CCD8D700A827DC /* QPon-Info.plist */,
				8068FBAA18CCD8D700A827DC /* InfoPlist.strings */,
				8068FBAD18CCD8D700A827DC /* main.m */,
				8068FBAF18CCD8D700A827DC /* QPon-Prefix.pch */,
			);
			name = "Supporting Files";
			sourceTree = "<group>";
		};
		8068FBC918CCD8D800A827DC /* QPonTests */ = {
			isa = PBXGroup;
			children = (
				8068FBCF18CCD8D800A827DC /* QPonTests.m */,
				8068FBCA18CCD8D800A827DC /* Supporting Files */,
			);
			path = QPonTests;
			sourceTree = "<group>";
		};
		8068FBCA18CCD8D800A827DC /* Supporting Files */ = {
			isa = PBXGroup;
			children = (
				8068FBCB18CCD8D800A827DC /* QPonTests-Info.plist */,
				8068FBCC18CCD8D800A827DC /* InfoPlist.strings */,
			);
			name = "Supporting Files";
			sourceTree = "<group>";
		};
/* End PBXGroup section */

/* Begin PBXNativeTarget section */
		8068FB9D18CCD8D700A827DC /* QPon */ = {
			isa = PBXNativeTarget;
			buildConfigurationList = 8068FBD318CCD8D800A827DC /* Build configuration list for PBXNativeTarget "QPon" */;
			buildPhases = (
				8068FB9A18CCD8D700A827DC /* Sources */,
				8068FB9B18CCD8D700A827DC /* Frameworks */,
				8068FB9C18CCD8D700A827DC /* Resources */,
			);
			buildRules = (
			);
			dependencies = (
			);
			name = QPon;
			productName = QPon;
			productReference = 8068FB9E18CCD8D700A827DC /* QPon.app */;
			productType = "com.apple.product-type.application";
		};
		8068FBC118CCD8D800A827DC /* QPonTests */ = {
			isa = PBXNativeTarget;
			buildConfigurationList = 8068FBD618CCD8D800A827DC /* Build configuration list for PBXNativeTarget "QPonTests" */;
			buildPhases = (
				8068FBBE18CCD8D800A827DC /* Sources */,
				8068FBBF18CCD8D800A827DC /* Frameworks */,
				8068FBC018CCD8D800A827DC /* Resources */,
			);
			buildRules = (
			);
			dependencies = (
				8068FBC818CCD8D800A827DC /* PBXTargetDependency */,
			);
			name = QPonTests;
			productName = QPonTests;
			productReference = 8068FBC218CCD8D800A827DC /* QPonTests.xctest */;
			productType = "com.apple.product-type.bundle.unit-test";
		};
/* End PBXNativeTarget section */

/* Begin PBXProject section */
		8068FB9618CCD8D700A827DC /* Project object */ = {
			isa = PBXProject;
			attributes = {
				CLASSPREFIX = Q;
				LastUpgradeCheck = 0500;
				ORGANIZATIONNAME = "Jacob Lemelin-Carrier";
				TargetAttributes = {
					8068FBC118CCD8D800A827DC = {
						TestTargetID = 8068FB9D18CCD8D700A827DC;
					};
				};
			};
			buildConfigurationList = 8068FB9918CCD8D700A827DC /* Build configuration list for PBXProject "QPon" */;
			compatibilityVersion = "Xcode 3.2";
			developmentRegion = English;
			hasScannedForEncodings = 0;
			knownRegions = (
				en,
				Base,
			);
			mainGroup = 8068FB9518CCD8D700A827DC;
			productRefGroup = 8068FB9F18CCD8D700A827DC /* Products */;
			projectDirPath = "";
			projectRoot = "";
			targets = (
				8068FB9D18CCD8D700A827DC /* QPon */,
				8068FBC118CCD8D800A827DC /* QPonTests */,
			);
		};
/* End PBXProject section */

/* Begin PBXResourcesBuildPhase section */
		8068FB9C18CCD8D700A827DC /* Resources */ = {
			isa = PBXResourcesBuildPhase;
			buildActionMask = 2147483647;
			files = (
				8068FBBD18CCD8D800A827DC /* Images.xcassets in Resources */,
				8068FBAC18CCD8D700A827DC /* InfoPlist.strings in Resources */,
				8068FBB518CCD8D700A827DC /* Main.storyboard in Resources */,
			);
			runOnlyForDeploymentPostprocessing = 0;
		};
		8068FBC018CCD8D800A827DC /* Resources */ = {
			isa = PBXResourcesBuildPhase;
			buildActionMask = 2147483647;
			files = (
				8068FBCE18CCD8D800A827DC /* InfoPlist.strings in Resources */,
			);
			runOnlyForDeploymentPostprocessing = 0;
		};
/* End PBXResourcesBuildPhase section */

/* Begin PBXSourcesBuildPhase section */
		8068FB9A18CCD8D700A827DC /* Sources */ = {
			isa = PBXSourcesBuildPhase;
			buildActionMask = 2147483647;
			files = (
				8068FBB218CCD8D700A827DC /* QAppDelegate.m in Sources */,
				8068FBB818CCD8D700A827DC /* QFirstViewController.m in Sources */,
				8068FBBB18CCD8D700A827DC /* QSecondViewController.m in Sources */,
				8068FBAE18CCD8D700A827DC /* main.m in Sources */,
			);
			runOnlyForDeploymentPostprocessing = 0;
		};
		8068FBBE18CCD8D800A827DC /* Sources */ = {
			isa = PBXSourcesBuildPhase;
			buildActionMask = 2147483647;
			files = (
				8068FBD018CCD8D800A827DC /* QPonTests.m in Sources */,
			);
			runOnlyForDeploymentPostprocessing = 0;
		};
/* End PBXSourcesBuildPhase section */

/* Begin PBXTargetDependency section */
		8068FBC818CCD8D800A827DC /* PBXTargetDependency */ = {
			isa = PBXTargetDependency;
			target = 8068FB9D18CCD8D700A827DC /* QPon */;
			targetProxy = 8068FBC718CCD8D800A827DC /* PBXContainerItemProxy */;
		};
/* End PBXTargetDependency section */

/* Begin PBXVariantGroup section */
		8068FBAA18CCD8D700A827DC /* InfoPlist.strings */ = {
			isa = PBXVariantGroup;
			children = (
				8068FBAB18CCD8D700A827DC /* en */,
			);
			name = InfoPlist.strings;
			sourceTree = "<group>";
		};
		8068FBB318CCD8D700A827DC /* Main.storyboard */ = {
			isa = PBXVariantGroup;
			children = (
				8068FBB418CCD8D700A827DC /* Base */,
			);
			name = Main.storyboard;
			sourceTree = "<group>";
		};
		8068FBCC18CCD8D800A827DC /* InfoPlist.strings */ = {
			isa = PBXVariantGroup;
			children = (
				8068FBCD18CCD8D800A827DC /* en */,
			);
			name = InfoPlist.strings;
			sourceTree = "<group>";
		};
/* End PBXVariantGroup section */

/* Begin XCBuildConfiguration section */
		8068FBD118CCD8D800A827DC /* Debug */ = {
			isa = XCBuildConfiguration;
			buildSettings = {
				ALWAYS_SEARCH_USER_PATHS = NO;
				ARCHS = "$(ARCHS_STANDARD_INCLUDING_64_BIT)";
				CLANG_CXX_LANGUAGE_STANDARD = "gnu++0x";
				CLANG_CXX_LIBRARY = "libc++";
				CLANG_ENABLE_MODULES = YES;
				CLANG_ENABLE_OBJC_ARC = YES;
				CLANG_WARN_BOOL_CONVERSION = YES;
				CLANG_WARN_CONSTANT_CONVERSION = YES;
				CLANG_WARN_DIRECT_OBJC_ISA_USAGE = YES_ERROR;
				CLANG_WARN_EMPTY_BODY = YES;
				CLANG_WARN_ENUM_CONVERSION = YES;
				CLANG_WARN_INT_CONVERSION = YES;
				CLANG_WARN_OBJC_ROOT_CLASS = YES_ERROR;
				CLANG_WARN__DUPLICATE_METHOD_MATCH = YES;
				"CODE_SIGN_IDENTITY[sdk=iphoneos*]" = "iPhone Developer";
				COPY_PHASE_STRIP = NO;
				GCC_C_LANGUAGE_STANDARD = gnu99;
				GCC_DYNAMIC_NO_PIC = NO;
				GCC_OPTIMIZATION_LEVEL = 0;
				GCC_PREPROCESSOR_DEFINITIONS = (
					"DEBUG=1",
					"$(inherited)",
				);
				GCC_SYMBOLS_PRIVATE_EXTERN = NO;
				GCC_WARN_64_TO_32_BIT_CONVERSION = YES;
				GCC_WARN_ABOUT_RETURN_TYPE = YES_ERROR;
				GCC_WARN_UNDECLARED_SELECTOR = YES;
				GCC_WARN_UNINITIALIZED_AUTOS = YES;
				GCC_WARN_UNUSED_FUNCTION = YES;
				GCC_WARN_UNUSED_VARIABLE = YES;
				IPHONEOS_DEPLOYMENT_TARGET = 7.0;
				ONLY_ACTIVE_ARCH = YES;
				SDKROOT = iphoneos;
			};
			name = Debug;
		};
		8068FBD218CCD8D800A827DC /* Release */ = {
			isa = XCBuildConfiguration;
			buildSettings = {
				ALWAYS_SEARCH_USER_PATHS = NO;
				ARCHS = "$(ARCHS_STANDARD_INCLUDING_64_BIT)";
				CLANG_CXX_LANGUAGE_STANDARD = "gnu++0x";
				CLANG_CXX_LIBRARY = "libc++";
				CLANG_ENABLE_MODULES = YES;
				CLANG_ENABLE_OBJC_ARC = YES;
				CLANG_WARN_BOOL_CONVERSION = YES;
				CLANG_WARN_CONSTANT_CONVERSION = YES;
				CLANG_WARN_DIRECT_OBJC_ISA_USAGE = YES_ERROR;
				CLANG_WARN_EMPTY_BODY = YES;
				CLANG_WARN_ENUM_CONVERSION = YES;
				CLANG_WARN_INT_CONVERSION = YES;
				CLANG_WARN_OBJC_ROOT_CLASS = YES_ERROR;
				CLANG_WARN__DUPLICATE_METHOD_MATCH = YES;
				"CODE_SIGN_IDENTITY[sdk=iphoneos*]" = "iPhone Developer";
				COPY_PHASE_STRIP = YES;
				ENABLE_NS_ASSERTIONS = NO;
				GCC_C_LANGUAGE_STANDARD = gnu99;
				GCC_WARN_64_TO_32_BIT_CONVERSION = YES;
				GCC_WARN_ABOUT_RETURN_TYPE = YES_ERROR;
				GCC_WARN_UNDECLARED_SELECTOR = YES;
				GCC_WARN_UNINITIALIZED_AUTOS = YES;
				GCC_WARN_UNUSED_FUNCTION = YES;
				GCC_WARN_UNUSED_VARIABLE = YES;
				IPHONEOS_DEPLOYMENT_TARGET = 7.0;
				SDKROOT = iphoneos;
				VALIDATE_PRODUCT = YES;
			};
			name = Release;
		};
		8068FBD418CCD8D800A827DC /* Debug */ = {
			isa = XCBuildConfiguration;
			buildSettings = {
				ASSETCATALOG_COMPILER_APPICON_NAME = AppIcon;
				ASSETCATALOG_COMPILER_LAUNCHIMAGE_NAME = LaunchImage;
				GCC_PRECOMPILE_PREFIX_HEADER = YES;
				GCC_PREFIX_HEADER = "QPon/QPon-Prefix.pch";
				INFOPLIST_FILE = "QPon/QPon-Info.plist";
				PRODUCT_NAME = "$(TARGET_NAME)";
				WRAPPER_EXTENSION = app;
			};
			name = Debug;
		};
		8068FBD518CCD8D800A827DC /* Release */ = {
			isa = XCBuildConfiguration;
			buildSettings = {
				ASSETCATALOG_COMPILER_APPICON_NAME = AppIcon;
				ASSETCATALOG_COMPILER_LAUNCHIMAGE_NAME = LaunchImage;
				GCC_PRECOMPILE_PREFIX_HEADER = YES;
				GCC_PREFIX_HEADER = "QPon/QPon-Prefix.pch";
				INFOPLIST_FILE = "QPon/QPon-Info.plist";
				PRODUCT_NAME = "$(TARGET_NAME)";
				WRAPPER_EXTENSION = app;
			};
			name = Release;
		};
		8068FBD718CCD8D800A827DC /* Debug */ = {
			isa = XCBuildConfiguration;
			buildSettings = {
				ARCHS = "$(ARCHS_STANDARD_INCLUDING_64_BIT)";
				BUNDLE_LOADER = "$(BUILT_PRODUCTS_DIR)/QPon.app/QPon";
				FRAMEWORK_SEARCH_PATHS = (
					"$(SDKROOT)/Developer/Library/Frameworks",
					"$(inherited)",
					"$(DEVELOPER_FRAMEWORKS_DIR)",
				);
				GCC_PRECOMPILE_PREFIX_HEADER = YES;
				GCC_PREFIX_HEADER = "QPon/QPon-Prefix.pch";
				GCC_PREPROCESSOR_DEFINITIONS = (
					"DEBUG=1",
					"$(inherited)",
				);
				INFOPLIST_FILE = "QPonTests/QPonTests-Info.plist";
				PRODUCT_NAME = "$(TARGET_NAME)";
				TEST_HOST = "$(BUNDLE_LOADER)";
				WRAPPER_EXTENSION = xctest;
			};
			name = Debug;
		};
		8068FBD818CCD8D800A827DC /* Release */ = {
			isa = XCBuildConfiguration;
			buildSettings = {
				ARCHS = "$(ARCHS_STANDARD_INCLUDING_64_BIT)";
				BUNDLE_LOADER = "$(BUILT_PRODUCTS_DIR)/QPon.app/QPon";
				FRAMEWORK_SEARCH_PATHS = (
					"$(SDKROOT)/Developer/Library/Frameworks",
					"$(inherited)",
					"$(DEVELOPER_FRAMEWORKS_DIR)",
				);
				GCC_PRECOMPILE_PREFIX_HEADER = YES;
				GCC_PREFIX_HEADER = "QPon/QPon-Prefix.pch";
				INFOPLIST_FILE = "QPonTests/QPonTests-Info.plist";
				PRODUCT_NAME = "$(TARGET_NAME)";
				TEST_HOST = "$(BUNDLE_LOADER)";
				WRAPPER_EXTENSION = xctest;
			};
			name = Release;
		};
/* End XCBuildConfiguration section */

/* Begin XCConfigurationList section */
		8068FB9918CCD8D700A827DC /* Build configuration list for PBXProject "QPon" */ = {
			isa = XCConfigurationList;
			buildConfigurations = (
				8068FBD118CCD8D800A827DC /* Debug */,
				8068FBD218CCD8D800A827DC /* Release */,
			);
			defaultConfigurationIsVisible = 0;
			defaultConfigurationName = Release;
		};
		8068FBD318CCD8D800A827DC /* Build configuration list for PBXNativeTarget "QPon" */ = {
			isa = XCConfigurationList;
			buildConfigurations = (
				8068FBD418CCD8D800A827DC /* Debug */,
				8068FBD518CCD8D800A827DC /* Release */,
			);
			defaultConfigurationIsVisible = 0;
		};
		8068FBD618CCD8D800A827DC /* Build configuration list for PBXNativeTarget "QPonTests" */ = {
			isa = XCConfigurationList;
			buildConfigurations = (
				8068FBD718CCD8D800A827DC /* Debug */,
				8068FBD818CCD8D800A827DC /* Release */,
			);
			defaultConfigurationIsVisible = 0;
		};
/* End XCConfigurationList section */
	};
	rootObject = 8068FB9618CCD8D700A827DC /* Project object */;
}
